<?xml version="1.0" encoding="UTF-8" standalone="yes" ?>
<CodeBlocks_project_file>
	<FileVersion major="1" minor="6" />
	<Project>
		<Option title="Galgame_Engine" />
		<Option makefile="MAKEFILE" />
		<Option pch_mode="2" />
		<Option compiler="gcc" />
		<Build>
			<Target title="Debug">
				<Option output="bin/Debug/Galgame_Engine" prefix_auto="1" extension_auto="1" />
				<Option object_output="bin/Debug/obj/" />
				<Option type="1" />
				<Option compiler="gcc" />
				<Compiler>
					<Add option="-g" />
					<Add option="-D_DEBUG" />
					<Add directory="Core" />
				</Compiler>
			</Target>
			<Target title="Release">
				<Option output="bin/Release/Galgame_Engine" prefix_auto="1" extension_auto="1" />
				<Option object_output="bin/Release/obj/" />
				<Option type="0" />
				<Option compiler="gcc" />
				<Compiler>
					<Add option="-O2" />
					<Add directory="Core" />
				</Compiler>
				<Linker>
					<Add option="-s" />
				</Linker>
			</Target>
		</Build>
		<Compiler>
			<Add option="-Wall" />
			<Add directory="$(#sdl2.include)/SDL2" />
		</Compiler>
		<Linker>
			<Add library="mingw32" />
			<Add library="SDL2main" />
			<Add library="SDL2_image" />
			<Add library="SDL2.dll" />
			<Add library="user32" />
			<Add library="gdi32" />
			<Add library="winmm" />
			<Add library="dxguid" />
			<Add library="SDL2_mixer" />
			<Add library="SDL2_ttf" />
			<Add directory="$(#sdl2.lib)" />
		</Linker>
		<ExtraCommands>
			<Add after="XCOPY $(#sdl2)\bin\*.dll $(TARGET_OUTPUT_DIR) /D /Y" />
		</ExtraCommands>
		<Unit filename="Activities/ACGCross_Logo.cpp" />
		<Unit filename="Activities/ACGCross_Logo.h" />
		<Unit filename="Activities/GalgameUI.cpp" />
		<Unit filename="Activities/GalgameUI.h" />
<<<<<<< HEAD
		<Unit filename="Activities/GalgameUI_Clock.cpp" />
		<Unit filename="Activities/GalgameUI_GameMenu.cpp" />
=======
>>>>>>> origin/master
		<Unit filename="Activities/Test.h" />
		<Unit filename="Core/Activity.h" />
		<Unit filename="Core/Animation.h" />
		<Unit filename="Core/Bundle.cpp" />
		<Unit filename="Core/Bundle.h" />
		<Unit filename="Core/Control.h" />
		<Unit filename="Core/Core.h" />
		<Unit filename="Core/CoreMain.cpp" />
		<Unit filename="Core/Error.cpp" />
		<Unit filename="Core/Error.h" />
		<Unit filename="Core/FileSystem.cpp" />
		<Unit filename="Core/FileSystem.h" />
		<Unit filename="Core/Font.cpp" />
		<Unit filename="Core/Font.h" />
		<Unit filename="Core/Globals.h" />
		<Unit filename="Core/Misc.cpp" />
		<Unit filename="Core/Misc.h" />
		<Unit filename="Core/OS.h" />
		<Unit filename="Core/RenderDrawer.h" />
		<Unit filename="Core/SDLbase.h" />
		<Unit filename="Core/Sound.cpp" />
		<Unit filename="Core/Sound.h" />
		<Unit filename="Core/Texture.cpp" />
		<Unit filename="Core/Texture.h" />
		<Unit filename="Core/Thread.cpp" />
		<Unit filename="Core/Thread.h" />
		<Unit filename="Core/Timer.h" />
		<Unit filename="Debug.h" />
		<Unit filename="Misc/MathFunc.cpp" />
		<Unit filename="Misc/MathFunc.h" />
		<Unit filename="Misc/NumTexture.cpp" />
		<Unit filename="Misc/NumTexture.h" />
		<Unit filename="icon.rc">
			<Option compilerVar="WINDRES" />
		</Unit>
		<Unit filename="main.cpp" />
		<Extensions>
			<code_completion />
			<envvars />
			<debugger />
		</Extensions>
	</Project>
</CodeBlocks_project_file>
